Microsoft Visual Studio Solution File, Format Version 12.00
# Visual Studio Version 17
VisualStudioVersion = 17.5.2.0
MinimumVisualStudioVersion = 10.0.40219.1
Project("{FAE04EC0-301F-11D3-BF4B-00C04F79EFBC}") = "AppChat", "AppChat.csproj", "{29D72590-42B9-375C-CFE4-BFA8056344B6}"
EndProject
Global
	GlobalSection(SolutionConfigurationPlatforms) = preSolution
		Debug|Any CPU = Debug|Any CPU
		Release|Any CPU = Release|Any CPU
	EndGlobalSection
	GlobalSection(ProjectConfigurationPlatforms) = postSolution
		{29D72590-42B9-375C-CFE4-BFA8056344B6}.Debug|Any CPU.ActiveCfg = Debug|Any CPU
		{29D72590-42B9-375C-CFE4-BFA8056344B6}.Debug|Any CPU.Build.0 = Debug|Any CPU
		{29D72590-42B9-375C-CFE4-BFA8056344B6}.Release|Any CPU.ActiveCfg = Release|Any CPU
		{29D72590-42B9-375C-CFE4-BFA8056344B6}.Release|Any CPU.Build.0 = Release|Any CPU
	EndGlobalSection
	GlobalSection(SolutionProperties) = preSolution
		HideSolutionNode = FALSE
	EndGlobalSection
	GlobalSection(ExtensibilityGlobals) = postSolution
		SolutionGuid = {585DE354-EA1E-4ACD-9EE7-69CDB31FBCE1}
	EndGlobalSection
EndGlobal
